
Microsoft Visual Studio Solution File, Format Version 12.00
# Visual Studio Version 17
VisualStudioVersion = 17.14.36429.23 d17.14
MinimumVisualStudioVersion = 10.0.40219.1
Project("{FAE04EC0-301F-11D3-BF4B-00C04F79EFBC}") = "dice program", "dice program\dice program.csproj", "{6171CB79-82F7-48C6-A680-B960D6E2BF66}"
EndProject
Global
	GlobalSection(SolutionConfigurationPlatforms) = preSolution
		Debug|Any CPU = Debug|Any CPU
		Release|Any CPU = Release|Any CPU
	EndGlobalSection
	GlobalSection(ProjectConfigurationPlatforms) = postSolution
		{6171CB79-82F7-48C6-A680-B960D6E2BF66}.Debug|Any CPU.ActiveCfg = Debug|Any CPU
		{6171CB79-82F7-48C6-A680-B960D6E2BF66}.Debug|Any CPU.Build.0 = Debug|Any CPU
		{6171CB79-82F7-48C6-A680-B960D6E2BF66}.Release|Any CPU.ActiveCfg = Release|Any CPU
		{6171CB79-82F7-48C6-A680-B960D6E2BF66}.Release|Any CPU.Build.0 = Release|Any CPU
	EndGlobalSection
	GlobalSection(SolutionProperties) = preSolution
		HideSolutionNode = FALSE
	EndGlobalSection
	GlobalSection(ExtensibilityGlobals) = postSolution
		SolutionGuid = {B0FE28CF-7D3E-4E8D-9419-25D24195AF2F}
	EndGlobalSection
EndGlobal
