
Microsoft Visual Studio Solution File, Format Version 12.00
# Visual Studio Version 17
VisualStudioVersion = 17.14.36429.23 d17.14
MinimumVisualStudioVersion = 10.0.40219.1
Project("{FAE04EC0-301F-11D3-BF4B-00C04F79EFBC}") = "StudentAttendance", "StudentAttendance\StudentAttendance.csproj", "{6E7B4DD7-005B-4E49-83AD-3BB3317F9C5D}"
EndProject
Global
	GlobalSection(SolutionConfigurationPlatforms) = preSolution
		Debug|Any CPU = Debug|Any CPU
		Release|Any CPU = Release|Any CPU
	EndGlobalSection
	GlobalSection(ProjectConfigurationPlatforms) = postSolution
		{6E7B4DD7-005B-4E49-83AD-3BB3317F9C5D}.Debug|Any CPU.ActiveCfg = Debug|Any CPU
		{6E7B4DD7-005B-4E49-83AD-3BB3317F9C5D}.Debug|Any CPU.Build.0 = Debug|Any CPU
		{6E7B4DD7-005B-4E49-83AD-3BB3317F9C5D}.Release|Any CPU.ActiveCfg = Release|Any CPU
		{6E7B4DD7-005B-4E49-83AD-3BB3317F9C5D}.Release|Any CPU.Build.0 = Release|Any CPU
	EndGlobalSection
	GlobalSection(SolutionProperties) = preSolution
		HideSolutionNode = FALSE
	EndGlobalSection
	GlobalSection(ExtensibilityGlobals) = postSolution
		SolutionGuid = {FA23A9CC-E6F2-4609-AE6E-931D9700842B}
	EndGlobalSection
EndGlobal
